{
  "lockfileVersion": 1,
  "configVersion": 1,
  "workspaces": {
    "": {
      "name": "podible",
      "dependencies": {
        "@lingo-reader/epub-parser": "^0.4.5",
        "bencode": "^4.0.0",
        "fast-xml-parser": "^4.4.1",
        "hono": "^4.12.10",
        "openai": "^6.22.0",
        "zod": "^4.3.6",
      },
      "devDependencies": {
        "@playwright/cli": "^0.1.5",
        "bun-types": "^1.3.9",
        "jszip": "^3.10.1",
        "typescript": "^5.9.3",
      },
    },
  },
  "packages": {
    "@lingo-reader/epub-parser": ["@lingo-reader/epub-parser@0.4.5", "", { "dependencies": { "@lingo-reader/shared": "^0.4.5", "fflate": "^0.8.2", "jszip": "^3.10.1" } }, "sha512-R5rbKVZrgZ2JtOblT+CTJOpo+yRTG9cZHHo0cOCYgH6eNbcTFUCIn6RYKTQ+LdcCXFRH0IEnNZGLZ9DndgARRQ=="],

    "@lingo-reader/shared": ["@lingo-reader/shared@0.4.5", "", { "dependencies": { "events": "^3.3.0", "path-browserify": "^1.0.1", "sax": "^1.4.1" } }, "sha512-ZGiMaWC+V3NwzNVlgW8bVmlspbGC4WHoFU2x44UH3jM3ax7OLjHUJ6iJ2XBtrInO93UbR0tsysFeUmTnzTJTCw=="],

    "@playwright/cli": ["@playwright/cli@0.1.5", "", { "dependencies": { "minimist": "^1.2.5", "playwright": "1.60.0-alpha-1775237291000" }, "bin": { "playwright-cli": "playwright-cli.js" } }, "sha512-UsvKLL3f3vqDJg/nbmTCXnpj5l92ma75Rl1r8G4Y3qIBMC7kitZV3bc52JtbPe1kaFSU/flJzpdwAVykSRm43w=="],

    "@types/node": ["@types/node@25.2.3", "", { "dependencies": { "undici-types": "~7.16.0" } }, "sha512-m0jEgYlYz+mDJZ2+F4v8D1AyQb+QzsNqRuI7xg1VQX/KlKS0qT9r1Mo16yo5F/MtifXFgaofIFsdFMox2SxIbQ=="],

    "base64-arraybuffer": ["base64-arraybuffer@1.0.2", "", {}, "sha512-I3yl4r9QB5ZRY3XuJVEPfc2XhZO6YweFPI+UovAzn+8/hb3oJ6lnysaFcjVpkCPfVWFUDvoZ8kmVDP7WyRtYtQ=="],

    "bencode": ["bencode@4.0.0", "", { "dependencies": { "uint8-util": "^2.2.2" } }, "sha512-AERXw18df0pF3ziGOCyUjqKZBVNH8HV3lBxnx5w0qtgMIk4a1wb9BkcCQbkp9Zstfrn/dzRwl7MmUHHocX3sRQ=="],

    "bun-types": ["bun-types@1.3.9", "", { "dependencies": { "@types/node": "*" } }, "sha512-+UBWWOakIP4Tswh0Bt0QD0alpTY8cb5hvgiYeWCMet9YukHbzuruIEeXC2D7nMJPB12kbh8C7XJykSexEqGKJg=="],

    "core-util-is": ["core-util-is@1.0.3", "", {}, "sha512-ZQBvi1DcpJ4GDqanjucZ2Hj3wEO5pZDS89BWbkcrvdxksJorwUDDZamX9ldFkp9aw2lmBDLgkObEA4DWNJ9FYQ=="],

    "events": ["events@3.3.0", "", {}, "sha512-mQw+2fkQbALzQ7V0MY0IqdnXNOeTtP4r0lN9z7AAawCXgqea7bDii20AYrIBrFd/Hx0M2Ocz6S111CaFkUcb0Q=="],

    "fast-xml-parser": ["fast-xml-parser@4.5.3", "", { "dependencies": { "strnum": "^1.1.1" }, "bin": { "fxparser": "src/cli/cli.js" } }, "sha512-RKihhV+SHsIUGXObeVy9AXiBbFwkVk7Syp8XgwN5U3JV416+Gwp/GO9i0JYKmikykgz/UHRrrV4ROuZEo/T0ig=="],

    "fflate": ["fflate@0.8.2", "", {}, "sha512-cPJU47OaAoCbg0pBvzsgpTPhmhqI5eJjh/JIu8tPj5q+T7iLvW/JAYUqmE7KOB4R1ZyEhzBaIQpQpardBF5z8A=="],

    "fsevents": ["fsevents@2.3.2", "", { "os": "darwin" }, "sha512-xiqMQR4xAeHTuB9uWm+fFRcIOgKBMiOBP+eXiyT7jsgVCq1bkVygt00oASowB7EdtpOHaaPgKt812P9ab+DDKA=="],

    "hono": ["hono@4.12.10", "", {}, "sha512-mx/p18PLy5og9ufies2GOSUqep98Td9q4i/EF6X7yJgAiIopxqdfIO3jbqsi3jRgTgw88jMDEzVKi+V2EF+27w=="],

    "immediate": ["immediate@3.0.6", "", {}, "sha512-XXOFtyqDjNDAQxVfYxuF7g9Il/IbWmmlQg2MYKOH8ExIT1qg6xc4zyS3HaEEATgs1btfzxq15ciUiY7gjSXRGQ=="],

    "inherits": ["inherits@2.0.4", "", {}, "sha512-k/vGaX4/Yla3WzyMCvTQOXYeIHvqOKtnqBduzTHpzpQZzAskKMhZ2K+EnBiSM9zGSoIFeMpXKxa4dYeZIQqewQ=="],

    "isarray": ["isarray@1.0.0", "", {}, "sha512-VLghIWNM6ELQzo7zwmcg0NmTVyWKYjvIeM83yjp0wRDTmUnrM678fQbcKBo6n2CJEF0szoG//ytg+TKla89ALQ=="],

    "jszip": ["jszip@3.10.1", "", { "dependencies": { "lie": "~3.3.0", "pako": "~1.0.2", "readable-stream": "~2.3.6", "setimmediate": "^1.0.5" } }, "sha512-xXDvecyTpGLrqFrvkrUSoxxfJI5AH7U8zxxtVclpsUtMCq4JQ290LY8AW5c7Ggnr/Y/oK+bQMbqK2qmtk3pN4g=="],

    "lie": ["lie@3.3.0", "", { "dependencies": { "immediate": "~3.0.5" } }, "sha512-UaiMJzeWRlEujzAuw5LokY1L5ecNQYZKfmyZ9L7wDHb/p5etKaxXhohBcrw0EYby+G/NA52vRSN4N39dxHAIwQ=="],

    "minimist": ["minimist@1.2.8", "", {}, "sha512-2yyAR8qBkN3YuheJanUpWC5U3bb5osDywNB8RzDVlDwDHbocAJveqqj1u8+SVD7jkWT4yvsHCpWqqWqAxb0zCA=="],

    "openai": ["openai@6.22.0", "", { "peerDependencies": { "ws": "^8.18.0", "zod": "^3.25 || ^4.0" }, "optionalPeers": ["ws", "zod"], "bin": { "openai": "bin/cli" } }, "sha512-7Yvy17F33Bi9RutWbsaYt5hJEEJ/krRPOrwan+f9aCPuMat1WVsb2VNSII5W1EksKT6fF69TG/xj4XzodK3JZw=="],

    "pako": ["pako@1.0.11", "", {}, "sha512-4hLB8Py4zZce5s4yd9XzopqwVv/yGNhV1Bl8NTmCq1763HeK2+EwVTv+leGeL13Dnh2wfbqowVPXCIO0z4taYw=="],

    "path-browserify": ["path-browserify@1.0.1", "", {}, "sha512-b7uo2UCUOYZcnF/3ID0lulOJi/bafxa1xPe7ZPsammBSpjSWQkjNxlt635YGS2MiR9GjvuXCtz2emr3jbsz98g=="],

    "playwright": ["playwright@1.60.0-alpha-1775237291000", "", { "dependencies": { "playwright-core": "1.60.0-alpha-1775237291000" }, "optionalDependencies": { "fsevents": "2.3.2" }, "bin": { "playwright": "cli.js" } }, "sha512-WU8VBPknldUr2NePq/AR+4Fh6UjVEwYiEoNngPM3ItpB9Pobqcsn5n7Zk2unVykuBG9FUs3sW18dqFj8fh3FEQ=="],

    "playwright-core": ["playwright-core@1.60.0-alpha-1775237291000", "", { "bin": { "playwright-core": "cli.js" } }, "sha512-pH1BxJ0wIAfJSMeDXOW1ExjayMQ37BDXrTL6iX7kPxjIbf4EHkTQyaO9PrLfsf+NenOvQbwK5oPUQ/99xpMcyw=="],

    "process-nextick-args": ["process-nextick-args@2.0.1", "", {}, "sha512-3ouUOpQhtgrbOa17J7+uxOTpITYWaGP7/AhoR3+A+/1e9skrzelGi/dXzEYyvbxubEF6Wn2ypscTKiKJFFn1ag=="],

    "readable-stream": ["readable-stream@2.3.8", "", { "dependencies": { "core-util-is": "~1.0.0", "inherits": "~2.0.3", "isarray": "~1.0.0", "process-nextick-args": "~2.0.0", "safe-buffer": "~5.1.1", "string_decoder": "~1.1.1", "util-deprecate": "~1.0.1" } }, "sha512-8p0AUk4XODgIewSi0l8Epjs+EVnWiK7NoDIEGU0HhE7+ZyY8D1IMY7odu5lRrFXGg71L15KG8QrPmum45RTtdA=="],

    "safe-buffer": ["safe-buffer@5.1.2", "", {}, "sha512-Gd2UZBJDkXlY7GbJxfsE8/nvKkUEU1G38c1siN6QP6a9PT9MmHB8GnpscSmMJSoF8LOIrt8ud/wPtojys4G6+g=="],

    "sax": ["sax@1.5.0", "", {}, "sha512-21IYA3Q5cQf089Z6tgaUTr7lDAyzoTPx5HRtbhsME8Udispad8dC/+sziTNugOEx54ilvatQ9YCzl4KQLPcRHA=="],

    "setimmediate": ["setimmediate@1.0.5", "", {}, "sha512-MATJdZp8sLqDl/68LfQmbP8zKPLQNV6BIZoIgrscFDQ+RsvK/BxeDQOgyxKKoh0y/8h3BqVFnCqQ/gd+reiIXA=="],

    "string_decoder": ["string_decoder@1.1.1", "", { "dependencies": { "safe-buffer": "~5.1.0" } }, "sha512-n/ShnvDi6FHbbVfviro+WojiFzv+s8MPMHBczVePfUpDJLwoLT0ht1l4YwBCbi8pJAveEEdnkHyPyTP/mzRfwg=="],

    "strnum": ["strnum@1.1.2", "", {}, "sha512-vrN+B7DBIoTTZjnPNewwhx6cBA/H+IS7rfW68n7XxC1y7uoiGQBxaKzqucGUgavX15dJgiGztLJ8vxuEzwqBdA=="],

    "typescript": ["typescript@5.9.3", "", { "bin": { "tsc": "bin/tsc", "tsserver": "bin/tsserver" } }, "sha512-jl1vZzPDinLr9eUt3J/t7V6FgNEw9QjvBPdysz9KfQDD41fQrC2Y4vKQdiaUpFT4bXlb1RHhLpp8wtm6M5TgSw=="],

    "uint8-util": ["uint8-util@2.2.6", "", { "dependencies": { "base64-arraybuffer": "^1.0.2" } }, "sha512-r+ZjS8CzPhtPF771ROOadUoqC40OVdiMKBI8lTfJQWb4W7+73sMBwMYmai/uvNcmZ7tBJJyZSad03yMWIt3RQg=="],

    "undici-types": ["undici-types@7.16.0", "", {}, "sha512-Zz+aZWSj8LE6zoxD+xrjh4VfkIG8Ya6LvYkZqtUQGJPZjYl53ypCaUwWqo7eI0x66KBGeRo+mlBEkMSeSZ38Nw=="],

    "util-deprecate": ["util-deprecate@1.0.2", "", {}, "sha512-EPD5q1uXyFxJpCrLnCc1nHnq3gOa6DZBocAIiI2TaSCA7VCJ1UJDMagCzIkXNsUYfD1daK//LTEQ8xiIbrHtcw=="],

    "zod": ["zod@4.3.6", "", {}, "sha512-rftlrkhHZOcjDwkGlnUtZZkvaPHCsDATp4pGpuOOMDaTdDDXF91wuVDJoWoPsKX/3YPQ5fHuF3STjcYyKr+Qhg=="],
  }
}
